
Microsoft Visual Studio Solution File, Format Version 12.00
# Visual Studio Version 17
VisualStudioVersion = 17.4.33110.190
MinimumVisualStudioVersion = 10.0.40219.1
Project("{2150E333-8FDC-42A3-9474-1A3956D46DE8}") = "Services", "Services", "{455E395F-0047-4697-87BC-BD110AB80548}"
EndProject
Project("{2150E333-8FDC-42A3-9474-1A3956D46DE8}") = "ApiGateways", "ApiGateways", "{6EEFC9C4-F8B4-49FA-AFC2-CC7B5CD29D16}"
EndProject
Project("{2150E333-8FDC-42A3-9474-1A3956D46DE8}") = "Infrastructure", "Infrastructure", "{BCC91017-7B11-4EA4-9BCB-2D5A2E6366AB}"
EndProject
Project("{9A19103F-16F7-4668-BE54-9A1E7A4F7556}") = "CommonMormon.Infrastructure.Shared", "src\Infrastructure\CommonMormon.Infrastructure.Shared\CommonMormon.Infrastructure.Shared.csproj", "{72D005AE-21F9-47C1-9AFD-BA8E29453ADF}"
EndProject
Project("{9A19103F-16F7-4668-BE54-9A1E7A4F7556}") = "CommonMormon.Infrastructure.API", "src\Infrastructure\CommonMormon.Infrastructure.API\CommonMormon.Infrastructure.API.csproj", "{6776EBC6-9388-4410-8652-5ACFD5DA38E5}"
EndProject
Project("{9A19103F-16F7-4668-BE54-9A1E7A4F7556}") = "CommonMormon.Infrastructure", "src\Infrastructure\CommonMormon.Infrastructure\CommonMormon.Infrastructure.csproj", "{E9BA9AC4-69C6-40E6-8E8B-5EB945B9FE54}"
EndProject
Project("{2150E333-8FDC-42A3-9474-1A3956D46DE8}") = "IdentityServer", "IdentityServer", "{7E5A7804-E1E6-4AC4-AB90-9D1C219E4194}"
EndProject
Project("{9A19103F-16F7-4668-BE54-9A1E7A4F7556}") = "CommonServer.API", "src\Services\CommonServer\CommonServer.API\CommonServer.API.csproj", "{976E72BF-17F3-4590-8045-3A7CE7483B34}"
EndProject
Project("{2150E333-8FDC-42A3-9474-1A3956D46DE8}") = "CommonServer", "CommonServer", "{8758F6D5-A66E-40C6-B4E7-CF860BD055CA}"
EndProject
Project("{9A19103F-16F7-4668-BE54-9A1E7A4F7556}") = "CommonServer.Domain", "src\Services\CommonServer\CommonServer.Domain\CommonServer.Domain.csproj", "{5FB410B3-25C0-416D-B73D-9788D9C8F0A1}"
EndProject
Project("{9A19103F-16F7-4668-BE54-9A1E7A4F7556}") = "CommonServer.Infrastructure", "src\Services\CommonServer\CommonServer.Infrastructure\CommonServer.Infrastructure.csproj", "{8EE0F56A-2948-4245-B1C0-640FB2FC5077}"
EndProject
Project("{9A19103F-16F7-4668-BE54-9A1E7A4F7556}") = "CommonServer.Shared", "src\Services\CommonServer\CommonServer.Shared\CommonServer.Shared.csproj", "{ED83E7D3-0B5C-4759-A54B-A482C6CFF72D}"
EndProject
Project("{9A19103F-16F7-4668-BE54-9A1E7A4F7556}") = "IdentityServer.Test.Api1", "src\Services\IdentityServer\IdentityServer.Test.API\IdentityServer.Test.Api1.csproj", "{49212C80-C9B9-4ED7-8465-42C296182A22}"
EndProject
Project("{9A19103F-16F7-4668-BE54-9A1E7A4F7556}") = "IdentityServer.Test.Client1", "src\Services\IdentityServer\IdentityServer.Test.Client\IdentityServer.Test.Client1.csproj", "{5C6B2429-AFAB-457E-BE9E-49D14337453B}"
EndProject
Project("{9A19103F-16F7-4668-BE54-9A1E7A4F7556}") = "IdentityServer.API", "src\Services\IdentityServer\IdentityServer.API\IdentityServer.API.csproj", "{6C3B8011-EC02-4F06-AA8F-DF4BB31DCD3F}"
EndProject
Global
	GlobalSection(SolutionConfigurationPlatforms) = preSolution
		Debug|Any CPU = Debug|Any CPU
		Release|Any CPU = Release|Any CPU
	EndGlobalSection
	GlobalSection(ProjectConfigurationPlatforms) = postSolution
		{72D005AE-21F9-47C1-9AFD-BA8E29453ADF}.Debug|Any CPU.ActiveCfg = Debug|Any CPU
		{72D005AE-21F9-47C1-9AFD-BA8E29453ADF}.Debug|Any CPU.Build.0 = Debug|Any CPU
		{72D005AE-21F9-47C1-9AFD-BA8E29453ADF}.Release|Any CPU.ActiveCfg = Release|Any CPU
		{72D005AE-21F9-47C1-9AFD-BA8E29453ADF}.Release|Any CPU.Build.0 = Release|Any CPU
		{6776EBC6-9388-4410-8652-5ACFD5DA38E5}.Debug|Any CPU.ActiveCfg = Debug|Any CPU
		{6776EBC6-9388-4410-8652-5ACFD5DA38E5}.Debug|Any CPU.Build.0 = Debug|Any CPU
		{6776EBC6-9388-4410-8652-5ACFD5DA38E5}.Release|Any CPU.ActiveCfg = Release|Any CPU
		{6776EBC6-9388-4410-8652-5ACFD5DA38E5}.Release|Any CPU.Build.0 = Release|Any CPU
		{E9BA9AC4-69C6-40E6-8E8B-5EB945B9FE54}.Debug|Any CPU.ActiveCfg = Debug|Any CPU
		{E9BA9AC4-69C6-40E6-8E8B-5EB945B9FE54}.Debug|Any CPU.Build.0 = Debug|Any CPU
		{E9BA9AC4-69C6-40E6-8E8B-5EB945B9FE54}.Release|Any CPU.ActiveCfg = Release|Any CPU
		{E9BA9AC4-69C6-40E6-8E8B-5EB945B9FE54}.Release|Any CPU.Build.0 = Release|Any CPU
		{976E72BF-17F3-4590-8045-3A7CE7483B34}.Debug|Any CPU.ActiveCfg = Debug|Any CPU
		{976E72BF-17F3-4590-8045-3A7CE7483B34}.Debug|Any CPU.Build.0 = Debug|Any CPU
		{976E72BF-17F3-4590-8045-3A7CE7483B34}.Release|Any CPU.ActiveCfg = Release|Any CPU
		{976E72BF-17F3-4590-8045-3A7CE7483B34}.Release|Any CPU.Build.0 = Release|Any CPU
		{5FB410B3-25C0-416D-B73D-9788D9C8F0A1}.Debug|Any CPU.ActiveCfg = Debug|Any CPU
		{5FB410B3-25C0-416D-B73D-9788D9C8F0A1}.Debug|Any CPU.Build.0 = Debug|Any CPU
		{5FB410B3-25C0-416D-B73D-9788D9C8F0A1}.Release|Any CPU.ActiveCfg = Release|Any CPU
		{5FB410B3-25C0-416D-B73D-9788D9C8F0A1}.Release|Any CPU.Build.0 = Release|Any CPU
		{8EE0F56A-2948-4245-B1C0-640FB2FC5077}.Debug|Any CPU.ActiveCfg = Debug|Any CPU
		{8EE0F56A-2948-4245-B1C0-640FB2FC5077}.Debug|Any CPU.Build.0 = Debug|Any CPU
		{8EE0F56A-2948-4245-B1C0-640FB2FC5077}.Release|Any CPU.ActiveCfg = Release|Any CPU
		{8EE0F56A-2948-4245-B1C0-640FB2FC5077}.Release|Any CPU.Build.0 = Release|Any CPU
		{ED83E7D3-0B5C-4759-A54B-A482C6CFF72D}.Debug|Any CPU.ActiveCfg = Debug|Any CPU
		{ED83E7D3-0B5C-4759-A54B-A482C6CFF72D}.Debug|Any CPU.Build.0 = Debug|Any CPU
		{ED83E7D3-0B5C-4759-A54B-A482C6CFF72D}.Release|Any CPU.ActiveCfg = Release|Any CPU
		{ED83E7D3-0B5C-4759-A54B-A482C6CFF72D}.Release|Any CPU.Build.0 = Release|Any CPU
		{49212C80-C9B9-4ED7-8465-42C296182A22}.Debug|Any CPU.ActiveCfg = Debug|Any CPU
		{49212C80-C9B9-4ED7-8465-42C296182A22}.Debug|Any CPU.Build.0 = Debug|Any CPU
		{49212C80-C9B9-4ED7-8465-42C296182A22}.Release|Any CPU.ActiveCfg = Release|Any CPU
		{49212C80-C9B9-4ED7-8465-42C296182A22}.Release|Any CPU.Build.0 = Release|Any CPU
		{5C6B2429-AFAB-457E-BE9E-49D14337453B}.Debug|Any CPU.ActiveCfg = Debug|Any CPU
		{5C6B2429-AFAB-457E-BE9E-49D14337453B}.Debug|Any CPU.Build.0 = Debug|Any CPU
		{5C6B2429-AFAB-457E-BE9E-49D14337453B}.Release|Any CPU.ActiveCfg = Release|Any CPU
		{5C6B2429-AFAB-457E-BE9E-49D14337453B}.Release|Any CPU.Build.0 = Release|Any CPU
		{6C3B8011-EC02-4F06-AA8F-DF4BB31DCD3F}.Debug|Any CPU.ActiveCfg = Debug|Any CPU
		{6C3B8011-EC02-4F06-AA8F-DF4BB31DCD3F}.Debug|Any CPU.Build.0 = Debug|Any CPU
		{6C3B8011-EC02-4F06-AA8F-DF4BB31DCD3F}.Release|Any CPU.ActiveCfg = Release|Any CPU
		{6C3B8011-EC02-4F06-AA8F-DF4BB31DCD3F}.Release|Any CPU.Build.0 = Release|Any CPU
	EndGlobalSection
	GlobalSection(SolutionProperties) = preSolution
		HideSolutionNode = FALSE
	EndGlobalSection
	GlobalSection(NestedProjects) = preSolution
		{72D005AE-21F9-47C1-9AFD-BA8E29453ADF} = {BCC91017-7B11-4EA4-9BCB-2D5A2E6366AB}
		{6776EBC6-9388-4410-8652-5ACFD5DA38E5} = {BCC91017-7B11-4EA4-9BCB-2D5A2E6366AB}
		{E9BA9AC4-69C6-40E6-8E8B-5EB945B9FE54} = {BCC91017-7B11-4EA4-9BCB-2D5A2E6366AB}
		{7E5A7804-E1E6-4AC4-AB90-9D1C219E4194} = {455E395F-0047-4697-87BC-BD110AB80548}
		{976E72BF-17F3-4590-8045-3A7CE7483B34} = {8758F6D5-A66E-40C6-B4E7-CF860BD055CA}
		{8758F6D5-A66E-40C6-B4E7-CF860BD055CA} = {455E395F-0047-4697-87BC-BD110AB80548}
		{5FB410B3-25C0-416D-B73D-9788D9C8F0A1} = {8758F6D5-A66E-40C6-B4E7-CF860BD055CA}
		{8EE0F56A-2948-4245-B1C0-640FB2FC5077} = {8758F6D5-A66E-40C6-B4E7-CF860BD055CA}
		{ED83E7D3-0B5C-4759-A54B-A482C6CFF72D} = {8758F6D5-A66E-40C6-B4E7-CF860BD055CA}
		{49212C80-C9B9-4ED7-8465-42C296182A22} = {7E5A7804-E1E6-4AC4-AB90-9D1C219E4194}
		{5C6B2429-AFAB-457E-BE9E-49D14337453B} = {7E5A7804-E1E6-4AC4-AB90-9D1C219E4194}
		{6C3B8011-EC02-4F06-AA8F-DF4BB31DCD3F} = {7E5A7804-E1E6-4AC4-AB90-9D1C219E4194}
	EndGlobalSection
	GlobalSection(ExtensibilityGlobals) = postSolution
		SolutionGuid = {1843AEDF-A5C3-4FCF-A723-7252989CC444}
	EndGlobalSection
EndGlobal
